dependencies:
  esp_littlefs:
    component_hash: null
    source:
      path: /Users/padjuri/src/btclock_espidf/btclock_espidf/managed_components/esp_littlefs
      type: local
    version: 1.10.2
  idf:
    component_hash: null
    source:
      type: idf
    version: 4.4.5
manifest_hash: 4796491ac0ef21bc9e7da581f1db6c59f92d6096be0ffd2d5fa4f2645943c54a
target: esp32s3
version: 1.0.0
